
Microsoft Visual Studio Solution File, Format Version 12.00
# Visual Studio Version 17
VisualStudioVersion = 17.0.31903.59
MinimumVisualStudioVersion = 10.0.40219.1
Project("{FAE04EC0-301F-11D3-BF4B-00C04F79EFBC}") = "MySolution", "MySolution\MySolution.csproj", "{3E67208E-476B-4254-94E0-EB653E742E30}"
EndProject
Project("{FAE04EC0-301F-11D3-BF4B-00C04F79EFBC}") = "MySolution.DAL", "MySolution.DAL\MySolution.DAL.csproj", "{B3F8D60B-9796-45DD-886F-AD2CFA5F5BFF}"
EndProject
Global
	GlobalSection(SolutionConfigurationPlatforms) = preSolution
		Debug|Any CPU = Debug|Any CPU
		Release|Any CPU = Release|Any CPU
	EndGlobalSection
	GlobalSection(SolutionProperties) = preSolution
		HideSolutionNode = FALSE
	EndGlobalSection
	GlobalSection(ProjectConfigurationPlatforms) = postSolution
		{3E67208E-476B-4254-94E0-EB653E742E30}.Debug|Any CPU.ActiveCfg = Debug|Any CPU
		{3E67208E-476B-4254-94E0-EB653E742E30}.Debug|Any CPU.Build.0 = Debug|Any CPU
		{3E67208E-476B-4254-94E0-EB653E742E30}.Release|Any CPU.ActiveCfg = Release|Any CPU
		{3E67208E-476B-4254-94E0-EB653E742E30}.Release|Any CPU.Build.0 = Release|Any CPU
		{B3F8D60B-9796-45DD-886F-AD2CFA5F5BFF}.Debug|Any CPU.ActiveCfg = Debug|Any CPU
		{B3F8D60B-9796-45DD-886F-AD2CFA5F5BFF}.Debug|Any CPU.Build.0 = Debug|Any CPU
		{B3F8D60B-9796-45DD-886F-AD2CFA5F5BFF}.Release|Any CPU.ActiveCfg = Release|Any CPU
		{B3F8D60B-9796-45DD-886F-AD2CFA5F5BFF}.Release|Any CPU.Build.0 = Release|Any CPU
	EndGlobalSection
EndGlobal
